
Microsoft Visual Studio Solution File, Format Version 12.00
# Visual Studio Version 16
VisualStudioVersion = 16.0.31205.134
MinimumVisualStudioVersion = 10.0.40219.1
Project("{FAE04EC0-301F-11D3-BF4B-00C04F79EFBC}") = "DGCTest", "DGCTest\DGCTest.csproj", "{F59CF2F5-DFBA-46CF-83CB-1A1438142156}"
EndProject
Project("{2150E333-8FDC-42A3-9474-1A3956D46DE8}") = "Solution Items", "Solution Items", "{AB01A7D6-AEC2-486D-AEE7-816856B75ED7}"
	ProjectSection(SolutionItems) = preProject
		LICENSE = LICENSE
		ReadMe.md = ReadMe.md
	EndProjectSection
EndProject
Global
	GlobalSection(SolutionConfigurationPlatforms) = preSolution
		Debug|Any CPU = Debug|Any CPU
		Release|Any CPU = Release|Any CPU
	EndGlobalSection
	GlobalSection(ProjectConfigurationPlatforms) = postSolution
		{F59CF2F5-DFBA-46CF-83CB-1A1438142156}.Debug|Any CPU.ActiveCfg = Debug|Any CPU
		{F59CF2F5-DFBA-46CF-83CB-1A1438142156}.Debug|Any CPU.Build.0 = Debug|Any CPU
		{F59CF2F5-DFBA-46CF-83CB-1A1438142156}.Release|Any CPU.ActiveCfg = Release|Any CPU
		{F59CF2F5-DFBA-46CF-83CB-1A1438142156}.Release|Any CPU.Build.0 = Release|Any CPU
	EndGlobalSection
	GlobalSection(SolutionProperties) = preSolution
		HideSolutionNode = FALSE
	EndGlobalSection
	GlobalSection(ExtensibilityGlobals) = postSolution
		SolutionGuid = {EBEA5913-543B-4777-91E5-A7DB8E088EE0}
	EndGlobalSection
EndGlobal
